
Microsoft Visual Studio Solution File, Format Version 12.00
# Visual Studio Version 16
VisualStudioVersion = 16.0.29728.190
MinimumVisualStudioVersion = 10.0.40219.1
Project("{FAE04EC0-301F-11D3-BF4B-00C04F79EFBC}") = "Naos.Notification.Domain", "Naos.Notification.Domain\Naos.Notification.Domain.csproj", "{8BBCE18F-2CF5-4515-B2F8-ED8A27F3B3B3}"
EndProject
Project("{FAE04EC0-301F-11D3-BF4B-00C04F79EFBC}") = "Naos.Notification.Domain.Test", "Naos.Notification.Domain.Test\Naos.Notification.Domain.Test.csproj", "{D85E9C2D-3188-4A8C-8E9E-F1CACFE67A28}"
EndProject
Project("{FAE04EC0-301F-11D3-BF4B-00C04F79EFBC}") = "Naos.Notification.Serialization.Bson", "Naos.Notification.Serialization.Bson\Naos.Notification.Serialization.Bson.csproj", "{63E6BC6A-9D17-4C97-B32E-076AD99DFD2D}"
EndProject
Project("{FAE04EC0-301F-11D3-BF4B-00C04F79EFBC}") = "Naos.Notification.Serialization.Json", "Naos.Notification.Serialization.Json\Naos.Notification.Serialization.Json.csproj", "{244E9438-2E7D-4E0B-A599-B6BEA47CAD82}"
EndProject
Project("{2150E333-8FDC-42A3-9474-1A3956D46DE8}") = "Solution Items", "Solution Items", "{04816808-312C-43DA-A2BF-6E21278AFC26}"
	ProjectSection(SolutionItems) = preProject
		.gitignore = .gitignore
		LICENSE = LICENSE
		README.md = README.md
		RepoConfig.state = RepoConfig.state
	EndProjectSection
EndProject
Global
	GlobalSection(SolutionConfigurationPlatforms) = preSolution
		Debug|Any CPU = Debug|Any CPU
		Release|Any CPU = Release|Any CPU
	EndGlobalSection
	GlobalSection(ProjectConfigurationPlatforms) = postSolution
		{8BBCE18F-2CF5-4515-B2F8-ED8A27F3B3B3}.Debug|Any CPU.ActiveCfg = Debug|Any CPU
		{8BBCE18F-2CF5-4515-B2F8-ED8A27F3B3B3}.Debug|Any CPU.Build.0 = Debug|Any CPU
		{8BBCE18F-2CF5-4515-B2F8-ED8A27F3B3B3}.Release|Any CPU.ActiveCfg = Release|Any CPU
		{8BBCE18F-2CF5-4515-B2F8-ED8A27F3B3B3}.Release|Any CPU.Build.0 = Release|Any CPU
		{D85E9C2D-3188-4A8C-8E9E-F1CACFE67A28}.Debug|Any CPU.ActiveCfg = Debug|Any CPU
		{D85E9C2D-3188-4A8C-8E9E-F1CACFE67A28}.Debug|Any CPU.Build.0 = Debug|Any CPU
		{D85E9C2D-3188-4A8C-8E9E-F1CACFE67A28}.Release|Any CPU.ActiveCfg = Release|Any CPU
		{D85E9C2D-3188-4A8C-8E9E-F1CACFE67A28}.Release|Any CPU.Build.0 = Release|Any CPU
		{63E6BC6A-9D17-4C97-B32E-076AD99DFD2D}.Debug|Any CPU.ActiveCfg = Debug|Any CPU
		{63E6BC6A-9D17-4C97-B32E-076AD99DFD2D}.Debug|Any CPU.Build.0 = Debug|Any CPU
		{63E6BC6A-9D17-4C97-B32E-076AD99DFD2D}.Release|Any CPU.ActiveCfg = Release|Any CPU
		{63E6BC6A-9D17-4C97-B32E-076AD99DFD2D}.Release|Any CPU.Build.0 = Release|Any CPU
		{244E9438-2E7D-4E0B-A599-B6BEA47CAD82}.Debug|Any CPU.ActiveCfg = Debug|Any CPU
		{244E9438-2E7D-4E0B-A599-B6BEA47CAD82}.Debug|Any CPU.Build.0 = Debug|Any CPU
		{244E9438-2E7D-4E0B-A599-B6BEA47CAD82}.Release|Any CPU.ActiveCfg = Release|Any CPU
		{244E9438-2E7D-4E0B-A599-B6BEA47CAD82}.Release|Any CPU.Build.0 = Release|Any CPU
	EndGlobalSection
	GlobalSection(SolutionProperties) = preSolution
		HideSolutionNode = FALSE
	EndGlobalSection
	GlobalSection(ExtensibilityGlobals) = postSolution
		SolutionGuid = {363A8E3F-551B-4930-9F7D-D1A9A6E74B56}
	EndGlobalSection
EndGlobal
